// !$*UTF8*$!
{
	archiveVersion = 1;
	classes = {
	};
	objectVersion = 56;
	objects = {

/* Begin PBXBuildFile section */
		AA80BCDC2A5D5BCC0001519F /* AppDelegate.swift in Sources */ = {isa = PBXBuildFile; fileRef = AA80BCDB2A5D5BCC0001519F /* AppDelegate.swift */; };
		AA80BCDE2A5D5BCC0001519F /* SceneDelegate.swift in Sources */ = {isa = PBXBuildFile; fileRef = AA80BCDD2A5D5BCC0001519F /* SceneDelegate.swift */; };
		AA80BCE32A5D5BCC0001519F /* Main.storyboard in Resources */ = {isa = PBXBuildFile; fileRef = AA80BCE12A5D5BCC0001519F /* Main.storyboard */; };
		AA80BCE52A5D5BCE0001519F /* Assets.xcassets in Resources */ = {isa = PBXBuildFile; fileRef = AA80BCE42A5D5BCE0001519F /* Assets.xcassets */; };
		AA80BCE82A5D5BCE0001519F /* LaunchScreen.storyboard in Resources */ = {isa = PBXBuildFile; fileRef = AA80BCE62A5D5BCE0001519F /* LaunchScreen.storyboard */; };
		AA80BCF02A5E51E50001519F /* FeedViewController.swift in Sources */ = {isa = PBXBuildFile; fileRef = AA80BCEF2A5E51E50001519F /* FeedViewController.swift */; };
		AA80BCF22A5E53960001519F /* FeedImageViewCell+PrototypeData.swift in Sources */ = {isa = PBXBuildFile; fileRef = AA80BCF12A5E53960001519F /* FeedImageViewCell+PrototypeData.swift */; };
		AA80BCF42A5E55340001519F /* FeedImageCell.swift in Sources */ = {isa = PBXBuildFile; fileRef = AA80BCF32A5E55340001519F /* FeedImageCell.swift */; };
/* End PBXBuildFile section */

/* Begin PBXFileReference section */
		AA80BCD82A5D5BCC0001519F /* Prototype.app */ = {isa = PBXFileReference; explicitFileType = wrapper.application; includeInIndex = 0; path = Prototype.app; sourceTree = BUILT_PRODUCTS_DIR; };
		AA80BCDB2A5D5BCC0001519F /* AppDelegate.swift */ = {isa = PBXFileReference; lastKnownFileType = sourcecode.swift; path = AppDelegate.swift; sourceTree = "<group>"; };
		AA80BCDD2A5D5BCC0001519F /* SceneDelegate.swift */ = {isa = PBXFileReference; lastKnownFileType = sourcecode.swift; path = SceneDelegate.swift; sourceTree = "<group>"; };
		AA80BCE22A5D5BCC0001519F /* Base */ = {isa = PBXFileReference; lastKnownFileType = file.storyboard; name = Base; path = Base.lproj/Main.storyboard; sourceTree = "<group>"; };
		AA80BCE42A5D5BCE0001519F /* Assets.xcassets */ = {isa = PBXFileReference; lastKnownFileType = folder.assetcatalog; path = Assets.xcassets; sourceTree = "<group>"; };
		AA80BCE72A5D5BCE0001519F /* Base */ = {isa = PBXFileReference; lastKnownFileType = file.storyboard; name = Base; path = Base.lproj/LaunchScreen.storyboard; sourceTree = "<group>"; };
		AA80BCE92A5D5BCE0001519F /* Info.plist */ = {isa = PBXFileReference; lastKnownFileType = text.plist.xml; path = Info.plist; sourceTree = "<group>"; };
		AA80BCEF2A5E51E50001519F /* FeedViewController.swift */ = {isa = PBXFileReference; lastKnownFileType = sourcecode.swift; path = FeedViewController.swift; sourceTree = "<group>"; };
		AA80BCF12A5E53960001519F /* FeedImageViewCell+PrototypeData.swift */ = {isa = PBXFileReference; lastKnownFileType = sourcecode.swift; path = "FeedImageViewCell+PrototypeData.swift"; sourceTree = "<group>"; };
		AA80BCF32A5E55340001519F /* FeedImageCell.swift */ = {isa = PBXFileReference; lastKnownFileType = sourcecode.swift; path = FeedImageCell.swift; sourceTree = "<group>"; };
/* End PBXFileReference section */

/* Begin PBXFrameworksBuildPhase section */
		AA80BCD52A5D5BCC0001519F /* Frameworks */ = {
			isa = PBXFrameworksBuildPhase;
			buildActionMask = 2147483647;
			files = (
			);
			runOnlyForDeploymentPostprocessing = 0;
		};
/* End PBXFrameworksBuildPhase section */

/* Begin PBXGroup section */
		AA80BCCF2A5D5BCC0001519F = {
			isa = PBXGroup;
			children = (
				AA80BCDA2A5D5BCC0001519F /* Prototype */,
				AA80BCD92A5D5BCC0001519F /* Products */,
			);
			sourceTree = "<group>";
		};
		AA80BCD92A5D5BCC0001519F /* Products */ = {
			isa = PBXGroup;
			children = (
				AA80BCD82A5D5BCC0001519F /* Prototype.app */,
			);
			name = Products;
			sourceTree = "<group>";
		};
		AA80BCDA2A5D5BCC0001519F /* Prototype */ = {
			isa = PBXGroup;
			children = (
				AA80BCDB2A5D5BCC0001519F /* AppDelegate.swift */,
				AA80BCDD2A5D5BCC0001519F /* SceneDelegate.swift */,
				AA80BCE12A5D5BCC0001519F /* Main.storyboard */,
				AA80BCEF2A5E51E50001519F /* FeedViewController.swift */,
				AA80BCF32A5E55340001519F /* FeedImageCell.swift */,
				AA80BCF12A5E53960001519F /* FeedImageViewCell+PrototypeData.swift */,
				AA80BCE42A5D5BCE0001519F /* Assets.xcassets */,
				AA80BCE62A5D5BCE0001519F /* LaunchScreen.storyboard */,
				AA80BCE92A5D5BCE0001519F /* Info.plist */,
			);
			path = Prototype;
			sourceTree = "<group>";
		};
/* End PBXGroup section */

/* Begin PBXNativeTarget section */
		AA80BCD72A5D5BCC0001519F /* Prototype */ = {
			isa = PBXNativeTarget;
			buildConfigurationList = AA80BCEC2A5D5BCE0001519F /* Build configuration list for PBXNativeTarget "Prototype" */;
			buildPhases = (
				AA80BCD42A5D5BCC0001519F /* Sources */,
				AA80BCD52A5D5BCC0001519F /* Frameworks */,
				AA80BCD62A5D5BCC0001519F /* Resources */,
			);
			buildRules = (
			);
			dependencies = (
			);
			name = Prototype;
			productName = Prototype;
			productReference = AA80BCD82A5D5BCC0001519F /* Prototype.app */;
			productType = "com.apple.product-type.application";
		};
/* End PBXNativeTarget section */

/* Begin PBXProject section */
		AA80BCD02A5D5BCC0001519F /* Project object */ = {
			isa = PBXProject;
			attributes = {
				BuildIndependentTargetsInParallel = 1;
				LastSwiftUpdateCheck = 1430;
				LastUpgradeCheck = 1430;
				TargetAttributes = {
					AA80BCD72A5D5BCC0001519F = {
						CreatedOnToolsVersion = 14.3.1;
					};
				};
			};
			buildConfigurationList = AA80BCD32A5D5BCC0001519F /* Build configuration list for PBXProject "Prototype" */;
			compatibilityVersion = "Xcode 14.0";
			developmentRegion = en;
			hasScannedForEncodings = 0;
			knownRegions = (
				en,
				Base,
			);
			mainGroup = AA80BCCF2A5D5BCC0001519F;
			productRefGroup = AA80BCD92A5D5BCC0001519F /* Products */;
			projectDirPath = "";
			projectRoot = "";
			targets = (
				AA80BCD72A5D5BCC0001519F /* Prototype */,
			);
		};
/* End PBXProject section */

/* Begin PBXResourcesBuildPhase section */
		AA80BCD62A5D5BCC0001519F /* Resources */ = {
			isa = PBXResourcesBuildPhase;
			buildActionMask = 2147483647;
			files = (
				AA80BCE82A5D5BCE0001519F /* LaunchScreen.storyboard in Resources */,
				AA80BCE52A5D5BCE0001519F /* Assets.xcassets in Resources */,
				AA80BCE32A5D5BCC0001519F /* Main.storyboard in Resources */,
			);
			runOnlyForDeploymentPostprocessing = 0;
		};
/* End PBXResourcesBuildPhase section */

/* Begin PBXSourcesBuildPhase section */
		AA80BCD42A5D5BCC0001519F /* Sources */ = {
			isa = PBXSourcesBuildPhase;
			buildActionMask = 2147483647;
			files = (
				AA80BCDC2A5D5BCC0001519F /* AppDelegate.swift in Sources */,
				AA80BCF22A5E53960001519F /* FeedImageViewCell+PrototypeData.swift in Sources */,
				AA80BCF02A5E51E50001519F /* FeedViewController.swift in Sources */,
				AA80BCDE2A5D5BCC0001519F /* SceneDelegate.swift in Sources */,
				AA80BCF42A5E55340001519F /* FeedImageCell.swift in Sources */,
			);
			runOnlyForDeploymentPostprocessing = 0;
		};
/* End PBXSourcesBuildPhase section */

/* Begin PBXVariantGroup section */
		AA80BCE12A5D5BCC0001519F /* Main.storyboard */ = {
			isa = PBXVariantGroup;
			children = (
				AA80BCE22A5D5BCC0001519F /* Base */,
			);
			name = Main.storyboard;
			sourceTree = "<group>";
		};
		AA80BCE62A5D5BCE0001519F /* LaunchScreen.storyboard */ = {
			isa = PBXVariantGroup;
			children = (
				AA80BCE72A5D5BCE0001519F /* Base */,
			);
			name = LaunchScreen.storyboard;
			sourceTree = "<group>";
		};
/* End PBXVariantGroup section */

/* Begin XCBuildConfiguration section */
		AA80BCEA2A5D5BCE0001519F /* Debug */ = {
			isa = XCBuildConfiguration;
			buildSettings = {
				ALWAYS_SEARCH_USER_PATHS = NO;
				CLANG_ANALYZER_NONNULL = YES;
				CLANG_ANALYZER_NUMBER_OBJECT_CONVERSION = YES_AGGRESSIVE;
				CLANG_CXX_LANGUAGE_STANDARD = "gnu++20";
				CLANG_ENABLE_MODULES = YES;
				CLANG_ENABLE_OBJC_ARC = YES;
				CLANG_ENABLE_OBJC_WEAK = YES;
				CLANG_WARN_BLOCK_CAPTURE_AUTORELEASING = YES;
				CLANG_WARN_BOOL_CONVERSION = YES;
				CLANG_WARN_COMMA = YES;
				CLANG_WARN_CONSTANT_CONVERSION = YES;
				CLANG_WARN_DEPRECATED_OBJC_IMPLEMENTATIONS = YES;
				CLANG_WARN_DIRECT_OBJC_ISA_USAGE = YES_ERROR;
				CLANG_WARN_DOCUMENTATION_COMMENTS = YES;
				CLANG_WARN_EMPTY_BODY = YES;
				CLANG_WARN_ENUM_CONVERSION = YES;
				CLANG_WARN_INFINITE_RECURSION = YES;
				CLANG_WARN_INT_CONVERSION = YES;
				CLANG_WARN_NON_LITERAL_NULL_CONVERSION = YES;
				CLANG_WARN_OBJC_IMPLICIT_RETAIN_SELF = YES;
				CLANG_WARN_OBJC_LITERAL_CONVERSION = YES;
				CLANG_WARN_OBJC_ROOT_CLASS = YES_ERROR;
				CLANG_WARN_QUOTED_INCLUDE_IN_FRAMEWORK_HEADER = YES;
				CLANG_WARN_RANGE_LOOP_ANALYSIS = YES;
				CLANG_WARN_STRICT_PROTOTYPES = YES;
				CLANG_WARN_SUSPICIOUS_MOVE = YES;
				CLANG_WARN_UNGUARDED_AVAILABILITY = YES_AGGRESSIVE;
				CLANG_WARN_UNREACHABLE_CODE = YES;
				CLANG_WARN__DUPLICATE_METHOD_MATCH = YES;
				COPY_PHASE_STRIP = NO;
				DEBUG_INFORMATION_FORMAT = dwarf;
				ENABLE_STRICT_OBJC_MSGSEND = YES;
				ENABLE_TESTABILITY = YES;
				GCC_C_LANGUAGE_STANDARD = gnu11;
				GCC_DYNAMIC_NO_PIC = NO;
				GCC_NO_COMMON_BLOCKS = YES;
				GCC_OPTIMIZATION_LEVEL = 0;
				GCC_PREPROCESSOR_DEFINITIONS = (
					"DEBUG=1",
					"$(inherited)",
				);
				GCC_WARN_64_TO_32_BIT_CONVERSION = YES;
				GCC_WARN_ABOUT_RETURN_TYPE = YES_ERROR;
				GCC_WARN_UNDECLARED_SELECTOR = YES;
				GCC_WARN_UNINITIALIZED_AUTOS = YES_AGGRESSIVE;
				GCC_WARN_UNUSED_FUNCTION = YES;
				GCC_WARN_UNUSED_VARIABLE = YES;
				IPHONEOS_DEPLOYMENT_TARGET = 16.4;
				MTL_ENABLE_DEBUG_INFO = INCLUDE_SOURCE;
				MTL_FAST_MATH = YES;
				ONLY_ACTIVE_ARCH = YES;
				SDKROOT = iphoneos;
				SWIFT_ACTIVE_COMPILATION_CONDITIONS = DEBUG;
				SWIFT_OPTIMIZATION_LEVEL = "-Onone";
			};
			name = Debug;
		};
		AA80BCEB2A5D5BCE0001519F /* Release */ = {
			isa = XCBuildConfiguration;
			buildSettings = {
				ALWAYS_SEARCH_USER_PATHS = NO;
				CLANG_ANALYZER_NONNULL = YES;
				CLANG_ANALYZER_NUMBER_OBJECT_CONVERSION = YES_AGGRESSIVE;
				CLANG_CXX_LANGUAGE_STANDARD = "gnu++20";
				CLANG_ENABLE_MODULES = YES;
				CLANG_ENABLE_OBJC_ARC = YES;
				CLANG_ENABLE_OBJC_WEAK = YES;
				CLANG_WARN_BLOCK_CAPTURE_AUTORELEASING = YES;
				CLANG_WARN_BOOL_CONVERSION = YES;
				CLANG_WARN_COMMA = YES;
				CLANG_WARN_CONSTANT_CONVERSION = YES;
				CLANG_WARN_DEPRECATED_OBJC_IMPLEMENTATIONS = YES;
				CLANG_WARN_DIRECT_OBJC_ISA_USAGE = YES_ERROR;
				CLANG_WARN_DOCUMENTATION_COMMENTS = YES;
				CLANG_WARN_EMPTY_BODY = YES;
				CLANG_WARN_ENUM_CONVERSION = YES;
				CLANG_WARN_INFINITE_RECURSION = YES;
				CLANG_WARN_INT_CONVERSION = YES;
				CLANG_WARN_NON_LITERAL_NULL_CONVERSION = YES;
				CLANG_WARN_OBJC_IMPLICIT_RETAIN_SELF = YES;
				CLANG_WARN_OBJC_LITERAL_CONVERSION = YES;
				CLANG_WARN_OBJC_ROOT_CLASS = YES_ERROR;
				CLANG_WARN_QUOTED_INCLUDE_IN_FRAMEWORK_HEADER = YES;
				CLANG_WARN_RANGE_LOOP_ANALYSIS = YES;
				CLANG_WARN_STRICT_PROTOTYPES = YES;
				CLANG_WARN_SUSPICIOUS_MOVE = YES;
				CLANG_WARN_UNGUARDED_AVAILABILITY = YES_AGGRESSIVE;
				CLANG_WARN_UNREACHABLE_CODE = YES;
				CLANG_WARN__DUPLICATE_METHOD_MATCH = YES;
				COPY_PHASE_STRIP = NO;
				DEBUG_INFORMATION_FORMAT = "dwarf-with-dsym";
				ENABLE_NS_ASSERTIONS = NO;
				ENABLE_STRICT_OBJC_MSGSEND = YES;
				GCC_C_LANGUAGE_STANDARD = gnu11;
				GCC_NO_COMMON_BLOCKS = YES;
				GCC_WARN_64_TO_32_BIT_CONVERSION = YES;
				GCC_WARN_ABOUT_RETURN_TYPE = YES_ERROR;
				GCC_WARN_UNDECLARED_SELECTOR = YES;
				GCC_WARN_UNINITIALIZED_AUTOS = YES_AGGRESSIVE;
				GCC_WARN_UNUSED_FUNCTION = YES;
				GCC_WARN_UNUSED_VARIABLE = YES;
				IPHONEOS_DEPLOYMENT_TARGET = 16.4;
				MTL_ENABLE_DEBUG_INFO = NO;
				MTL_FAST_MATH = YES;
				SDKROOT = iphoneos;
				SWIFT_COMPILATION_MODE = wholemodule;
				SWIFT_OPTIMIZATION_LEVEL = "-O";
				VALIDATE_PRODUCT = YES;
			};
			name = Release;
		};
		AA80BCED2A5D5BCE0001519F /* Debug */ = {
			isa = XCBuildConfiguration;
			buildSettings = {
				ASSETCATALOG_COMPILER_APPICON_NAME = AppIcon;
				ASSETCATALOG_COMPILER_GLOBAL_ACCENT_COLOR_NAME = AccentColor;
				CODE_SIGN_STYLE = Automatic;
				CURRENT_PROJECT_VERSION = 1;
				DEVELOPMENT_TEAM = 6FQHBQB66L;
				GENERATE_INFOPLIST_FILE = YES;
				INFOPLIST_FILE = Prototype/Info.plist;
				INFOPLIST_KEY_UIApplicationSupportsIndirectInputEvents = YES;
				INFOPLIST_KEY_UILaunchStoryboardName = LaunchScreen;
				INFOPLIST_KEY_UIMainStoryboardFile = Main;
				INFOPLIST_KEY_UISupportedInterfaceOrientations = UIInterfaceOrientationPortrait;
				LD_RUNPATH_SEARCH_PATHS = (
					"$(inherited)",
					"@executable_path/Frameworks",
				);
				MARKETING_VERSION = 1.0;
				PRODUCT_BUNDLE_IDENTIFIER = com.greenerchen.EssentialFeed.Prototype;
				PRODUCT_NAME = "$(TARGET_NAME)";
				SWIFT_EMIT_LOC_STRINGS = YES;
				SWIFT_VERSION = 5.0;
				TARGETED_DEVICE_FAMILY = "1,2";
			};
			name = Debug;
		};
		AA80BCEE2A5D5BCE0001519F /* Release */ = {
			isa = XCBuildConfiguration;
			buildSettings = {
				ASSETCATALOG_COMPILER_APPICON_NAME = AppIcon;
				ASSETCATALOG_COMPILER_GLOBAL_ACCENT_COLOR_NAME = AccentColor;
				CODE_SIGN_STYLE = Automatic;
				CURRENT_PROJECT_VERSION = 1;
				DEVELOPMENT_TEAM = 6FQHBQB66L;
				GENERATE_INFOPLIST_FILE = YES;
				INFOPLIST_FILE = Prototype/Info.plist;
				INFOPLIST_KEY_UIApplicationSupportsIndirectInputEvents = YES;
				INFOPLIST_KEY_UILaunchStoryboardName = LaunchScreen;
				INFOPLIST_KEY_UIMainStoryboardFile = Main;
				INFOPLIST_KEY_UISupportedInterfaceOrientations = UIInterfaceOrientationPortrait;
				LD_RUNPATH_SEARCH_PATHS = (
					"$(inherited)",
					"@executable_path/Frameworks",
				);
				MARKETING_VERSION = 1.0;
				PRODUCT_BUNDLE_IDENTIFIER = com.greenerchen.EssentialFeed.Prototype;
				PRODUCT_NAME = "$(TARGET_NAME)";
				SWIFT_EMIT_LOC_STRINGS = YES;
				SWIFT_VERSION = 5.0;
				TARGETED_DEVICE_FAMILY = "1,2";
			};
			name = Release;
		};
/* End XCBuildConfiguration section */

/* Begin XCConfigurationList section */
		AA80BCD32A5D5BCC0001519F /* Build configuration list for PBXProject "Prototype" */ = {
			isa = XCConfigurationList;
			buildConfigurations = (
				AA80BCEA2A5D5BCE0001519F /* Debug */,
				AA80BCEB2A5D5BCE0001519F /* Release */,
			);
			defaultConfigurationIsVisible = 0;
			defaultConfigurationName = Release;
		};
		AA80BCEC2A5D5BCE0001519F /* Build configuration list for PBXNativeTarget "Prototype" */ = {
			isa = XCConfigurationList;
			buildConfigurations = (
				AA80BCED2A5D5BCE0001519F /* Debug */,
				AA80BCEE2A5D5BCE0001519F /* Release */,
			);
			defaultConfigurationIsVisible = 0;
			defaultConfigurationName = Release;
		};
/* End XCConfigurationList section */
	};
	rootObject = AA80BCD02A5D5BCC0001519F /* Project object */;
}
